// !$*UTF8*$!
{
	archiveVersion = 1;
	classes = {
	};
	objectVersion = 56;
	objects = {

/* Begin PBXBuildFile section */
		96EDFC7429E3DABC00FB89FC /* CoreDataExampleApp.swift in Sources */ = {isa = PBXBuildFile; fileRef = 96EDFC7329E3DABC00FB89FC /* CoreDataExampleApp.swift */; };
		96EDFC7629E3DABC00FB89FC /* ContentView.swift in Sources */ = {isa = PBXBuildFile; fileRef = 96EDFC7529E3DABC00FB89FC /* ContentView.swift */; };
		96EDFC7829E3DABD00FB89FC /* Assets.xcassets in Resources */ = {isa = PBXBuildFile; fileRef = 96EDFC7729E3DABD00FB89FC /* Assets.xcassets */; };
		96EDFC7B29E3DABD00FB89FC /* Preview Assets.xcassets in Resources */ = {isa = PBXBuildFile; fileRef = 96EDFC7A29E3DABD00FB89FC /* Preview Assets.xcassets */; };
		96EDFC7D29E3DABD00FB89FC /* Persistence.swift in Sources */ = {isa = PBXBuildFile; fileRef = 96EDFC7C29E3DABD00FB89FC /* Persistence.swift */; };
		96EDFC8029E3DABD00FB89FC /* CoreDataExample.xcdatamodeld in Sources */ = {isa = PBXBuildFile; fileRef = 96EDFC7E29E3DABD00FB89FC /* CoreDataExample.xcdatamodeld */; };
		96EDFC8B29E3DABD00FB89FC /* CoreDataExampleTests.swift in Sources */ = {isa = PBXBuildFile; fileRef = 96EDFC8A29E3DABD00FB89FC /* CoreDataExampleTests.swift */; };
		96EDFC9529E3DABD00FB89FC /* CoreDataExampleUITests.swift in Sources */ = {isa = PBXBuildFile; fileRef = 96EDFC9429E3DABD00FB89FC /* CoreDataExampleUITests.swift */; };
		96EDFC9729E3DABD00FB89FC /* CoreDataExampleUITestsLaunchTests.swift in Sources */ = {isa = PBXBuildFile; fileRef = 96EDFC9629E3DABD00FB89FC /* CoreDataExampleUITestsLaunchTests.swift */; };
/* End PBXBuildFile section */

/* Begin PBXContainerItemProxy section */
		96EDFC8729E3DABD00FB89FC /* PBXContainerItemProxy */ = {
			isa = PBXContainerItemProxy;
			containerPortal = 96EDFC6829E3DABC00FB89FC /* Project object */;
			proxyType = 1;
			remoteGlobalIDString = 96EDFC6F29E3DABC00FB89FC;
			remoteInfo = CoreDataExample;
		};
		96EDFC9129E3DABD00FB89FC /* PBXContainerItemProxy */ = {
			isa = PBXContainerItemProxy;
			containerPortal = 96EDFC6829E3DABC00FB89FC /* Project object */;
			proxyType = 1;
			remoteGlobalIDString = 96EDFC6F29E3DABC00FB89FC;
			remoteInfo = CoreDataExample;
		};
/* End PBXContainerItemProxy section */

/* Begin PBXFileReference section */
		96EDFC7029E3DABC00FB89FC /* CoreDataExample.app */ = {isa = PBXFileReference; explicitFileType = wrapper.application; includeInIndex = 0; path = CoreDataExample.app; sourceTree = BUILT_PRODUCTS_DIR; };
		96EDFC7329E3DABC00FB89FC /* CoreDataExampleApp.swift */ = {isa = PBXFileReference; lastKnownFileType = sourcecode.swift; path = CoreDataExampleApp.swift; sourceTree = "<group>"; };
		96EDFC7529E3DABC00FB89FC /* ContentView.swift */ = {isa = PBXFileReference; lastKnownFileType = sourcecode.swift; path = ContentView.swift; sourceTree = "<group>"; };
		96EDFC7729E3DABD00FB89FC /* Assets.xcassets */ = {isa = PBXFileReference; lastKnownFileType = folder.assetcatalog; path = Assets.xcassets; sourceTree = "<group>"; };
		96EDFC7A29E3DABD00FB89FC /* Preview Assets.xcassets */ = {isa = PBXFileReference; lastKnownFileType = folder.assetcatalog; path = "Preview Assets.xcassets"; sourceTree = "<group>"; };
		96EDFC7C29E3DABD00FB89FC /* Persistence.swift */ = {isa = PBXFileReference; lastKnownFileType = sourcecode.swift; path = Persistence.swift; sourceTree = "<group>"; };
		96EDFC7F29E3DABD00FB89FC /* CoreDataExample.xcdatamodel */ = {isa = PBXFileReference; lastKnownFileType = wrapper.xcdatamodel; path = CoreDataExample.xcdatamodel; sourceTree = "<group>"; };
		96EDFC8129E3DABD00FB89FC /* Info.plist */ = {isa = PBXFileReference; lastKnownFileType = text.plist.xml; path = Info.plist; sourceTree = "<group>"; };
		96EDFC8629E3DABD00FB89FC /* CoreDataExampleTests.xctest */ = {isa = PBXFileReference; explicitFileType = wrapper.cfbundle; includeInIndex = 0; path = CoreDataExampleTests.xctest; sourceTree = BUILT_PRODUCTS_DIR; };
		96EDFC8A29E3DABD00FB89FC /* CoreDataExampleTests.swift */ = {isa = PBXFileReference; lastKnownFileType = sourcecode.swift; path = CoreDataExampleTests.swift; sourceTree = "<group>"; };
		96EDFC9029E3DABD00FB89FC /* CoreDataExampleUITests.xctest */ = {isa = PBXFileReference; explicitFileType = wrapper.cfbundle; includeInIndex = 0; path = CoreDataExampleUITests.xctest; sourceTree = BUILT_PRODUCTS_DIR; };
		96EDFC9429E3DABD00FB89FC /* CoreDataExampleUITests.swift */ = {isa = PBXFileReference; lastKnownFileType = sourcecode.swift; path = CoreDataExampleUITests.swift; sourceTree = "<group>"; };
		96EDFC9629E3DABD00FB89FC /* CoreDataExampleUITestsLaunchTests.swift */ = {isa = PBXFileReference; lastKnownFileType = sourcecode.swift; path = CoreDataExampleUITestsLaunchTests.swift; sourceTree = "<group>"; };
/* End PBXFileReference section */

/* Begin PBXFrameworksBuildPhase section */
		96EDFC6D29E3DABC00FB89FC /* Frameworks */ = {
			isa = PBXFrameworksBuildPhase;
			buildActionMask = 2147483647;
			files = (
			);
			runOnlyForDeploymentPostprocessing = 0;
		};
		96EDFC8329E3DABD00FB89FC /* Frameworks */ = {
			isa = PBXFrameworksBuildPhase;
			buildActionMask = 2147483647;
			files = (
			);
			runOnlyForDeploymentPostprocessing = 0;
		};
		96EDFC8D29E3DABD00FB89FC /* Frameworks */ = {
			isa = PBXFrameworksBuildPhase;
			buildActionMask = 2147483647;
			files = (
			);
			runOnlyForDeploymentPostprocessing = 0;
		};
/* End PBXFrameworksBuildPhase section */

/* Begin PBXGroup section */
		96EDFC6729E3DABC00FB89FC = {
			isa = PBXGroup;
			children = (
				96EDFC7229E3DABC00FB89FC /* CoreDataExample */,
				96EDFC8929E3DABD00FB89FC /* CoreDataExampleTests */,
				96EDFC9329E3DABD00FB89FC /* CoreDataExampleUITests */,
				96EDFC7129E3DABC00FB89FC /* Products */,
			);
			sourceTree = "<group>";
		};
		96EDFC7129E3DABC00FB89FC /* Products */ = {
			isa = PBXGroup;
			children = (
				96EDFC7029E3DABC00FB89FC /* CoreDataExample.app */,
				96EDFC8629E3DABD00FB89FC /* CoreDataExampleTests.xctest */,
				96EDFC9029E3DABD00FB89FC /* CoreDataExampleUITests.xctest */,
			);
			name = Products;
			sourceTree = "<group>";
		};
		96EDFC7229E3DABC00FB89FC /* CoreDataExample */ = {
			isa = PBXGroup;
			children = (
				96EDFC7329E3DABC00FB89FC /* CoreDataExampleApp.swift */,
				96EDFC7529E3DABC00FB89FC /* ContentView.swift */,
				96EDFC7729E3DABD00FB89FC /* Assets.xcassets */,
				96EDFC7C29E3DABD00FB89FC /* Persistence.swift */,
				96EDFC8129E3DABD00FB89FC /* Info.plist */,
				96EDFC7E29E3DABD00FB89FC /* CoreDataExample.xcdatamodeld */,
				96EDFC7929E3DABD00FB89FC /* Preview Content */,
			);
			path = CoreDataExample;
			sourceTree = "<group>";
		};
		96EDFC7929E3DABD00FB89FC /* Preview Content */ = {
			isa = PBXGroup;
			children = (
				96EDFC7A29E3DABD00FB89FC /* Preview Assets.xcassets */,
			);
			path = "Preview Content";
			sourceTree = "<group>";
		};
		96EDFC8929E3DABD00FB89FC /* CoreDataExampleTests */ = {
			isa = PBXGroup;
			children = (
				96EDFC8A29E3DABD00FB89FC /* CoreDataExampleTests.swift */,
			);
			path = CoreDataExampleTests;
			sourceTree = "<group>";
		};
		96EDFC9329E3DABD00FB89FC /* CoreDataExampleUITests */ = {
			isa = PBXGroup;
			children = (
				96EDFC9429E3DABD00FB89FC /* CoreDataExampleUITests.swift */,
				96EDFC9629E3DABD00FB89FC /* CoreDataExampleUITestsLaunchTests.swift */,
			);
			path = CoreDataExampleUITests;
			sourceTree = "<group>";
		};
/* End PBXGroup section */

/* Begin PBXNativeTarget section */
		96EDFC6F29E3DABC00FB89FC /* CoreDataExample */ = {
			isa = PBXNativeTarget;
			buildConfigurationList = 96EDFC9A29E3DABD00FB89FC /* Build configuration list for PBXNativeTarget "CoreDataExample" */;
			buildPhases = (
				96EDFC6C29E3DABC00FB89FC /* Sources */,
				96EDFC6D29E3DABC00FB89FC /* Frameworks */,
				96EDFC6E29E3DABC00FB89FC /* Resources */,
			);
			buildRules = (
			);
			dependencies = (
			);
			name = CoreDataExample;
			productName = CoreDataExample;
			productReference = 96EDFC7029E3DABC00FB89FC /* CoreDataExample.app */;
			productType = "com.apple.product-type.application";
		};
		96EDFC8529E3DABD00FB89FC /* CoreDataExampleTests */ = {
			isa = PBXNativeTarget;
			buildConfigurationList = 96EDFC9D29E3DABD00FB89FC /* Build configuration list for PBXNativeTarget "CoreDataExampleTests" */;
			buildPhases = (
				96EDFC8229E3DABD00FB89FC /* Sources */,
				96EDFC8329E3DABD00FB89FC /* Frameworks */,
				96EDFC8429E3DABD00FB89FC /* Resources */,
			);
			buildRules = (
			);
			dependencies = (
				96EDFC8829E3DABD00FB89FC /* PBXTargetDependency */,
			);
			name = CoreDataExampleTests;
			productName = CoreDataExampleTests;
			productReference = 96EDFC8629E3DABD00FB89FC /* CoreDataExampleTests.xctest */;
			productType = "com.apple.product-type.bundle.unit-test";
		};
		96EDFC8F29E3DABD00FB89FC /* CoreDataExampleUITests */ = {
			isa = PBXNativeTarget;
			buildConfigurationList = 96EDFCA029E3DABD00FB89FC /* Build configuration list for PBXNativeTarget "CoreDataExampleUITests" */;
			buildPhases = (
				96EDFC8C29E3DABD00FB89FC /* Sources */,
				96EDFC8D29E3DABD00FB89FC /* Frameworks */,
				96EDFC8E29E3DABD00FB89FC /* Resources */,
			);
			buildRules = (
			);
			dependencies = (
				96EDFC9229E3DABD00FB89FC /* PBXTargetDependency */,
			);
			name = CoreDataExampleUITests;
			productName = CoreDataExampleUITests;
			productReference = 96EDFC9029E3DABD00FB89FC /* CoreDataExampleUITests.xctest */;
			productType = "com.apple.product-type.bundle.ui-testing";
		};
/* End PBXNativeTarget section */

/* Begin PBXProject section */
		96EDFC6829E3DABC00FB89FC /* Project object */ = {
			isa = PBXProject;
			attributes = {
				BuildIndependentTargetsInParallel = 1;
				LastSwiftUpdateCheck = 1420;
				LastUpgradeCheck = 1420;
				TargetAttributes = {
					96EDFC6F29E3DABC00FB89FC = {
						CreatedOnToolsVersion = 14.2;
					};
					96EDFC8529E3DABD00FB89FC = {
						CreatedOnToolsVersion = 14.2;
						TestTargetID = 96EDFC6F29E3DABC00FB89FC;
					};
					96EDFC8F29E3DABD00FB89FC = {
						CreatedOnToolsVersion = 14.2;
						TestTargetID = 96EDFC6F29E3DABC00FB89FC;
					};
				};
			};
			buildConfigurationList = 96EDFC6B29E3DABC00FB89FC /* Build configuration list for PBXProject "CoreDataExample" */;
			compatibilityVersion = "Xcode 14.0";
			developmentRegion = en;
			hasScannedForEncodings = 0;
			knownRegions = (
				en,
				Base,
			);
			mainGroup = 96EDFC6729E3DABC00FB89FC;
			productRefGroup = 96EDFC7129E3DABC00FB89FC /* Products */;
			projectDirPath = "";
			projectRoot = "";
			targets = (
				96EDFC6F29E3DABC00FB89FC /* CoreDataExample */,
				96EDFC8529E3DABD00FB89FC /* CoreDataExampleTests */,
				96EDFC8F29E3DABD00FB89FC /* CoreDataExampleUITests */,
			);
		};
/* End PBXProject section */

/* Begin PBXResourcesBuildPhase section */
		96EDFC6E29E3DABC00FB89FC /* Resources */ = {
			isa = PBXResourcesBuildPhase;
			buildActionMask = 2147483647;
			files = (
				96EDFC7B29E3DABD00FB89FC /* Preview Assets.xcassets in Resources */,
				96EDFC7829E3DABD00FB89FC /* Assets.xcassets in Resources */,
			);
			runOnlyForDeploymentPostprocessing = 0;
		};
		96EDFC8429E3DABD00FB89FC /* Resources */ = {
			isa = PBXResourcesBuildPhase;
			buildActionMask = 2147483647;
			files = (
			);
			runOnlyForDeploymentPostprocessing = 0;
		};
		96EDFC8E29E3DABD00FB89FC /* Resources */ = {
			isa = PBXResourcesBuildPhase;
			buildActionMask = 2147483647;
			files = (
			);
			runOnlyForDeploymentPostprocessing = 0;
		};
/* End PBXResourcesBuildPhase section */

/* Begin PBXSourcesBuildPhase section */
		96EDFC6C29E3DABC00FB89FC /* Sources */ = {
			isa = PBXSourcesBuildPhase;
			buildActionMask = 2147483647;
			files = (
				96EDFC7D29E3DABD00FB89FC /* Persistence.swift in Sources */,
				96EDFC7629E3DABC00FB89FC /* ContentView.swift in Sources */,
				96EDFC7429E3DABC00FB89FC /* CoreDataExampleApp.swift in Sources */,
				96EDFC8029E3DABD00FB89FC /* CoreDataExample.xcdatamodeld in Sources */,
			);
			runOnlyForDeploymentPostprocessing = 0;
		};
		96EDFC8229E3DABD00FB89FC /* Sources */ = {
			isa = PBXSourcesBuildPhase;
			buildActionMask = 2147483647;
			files = (
				96EDFC8B29E3DABD00FB89FC /* CoreDataExampleTests.swift in Sources */,
			);
			runOnlyForDeploymentPostprocessing = 0;
		};
		96EDFC8C29E3DABD00FB89FC /* Sources */ = {
			isa = PBXSourcesBuildPhase;
			buildActionMask = 2147483647;
			files = (
				96EDFC9729E3DABD00FB89FC /* CoreDataExampleUITestsLaunchTests.swift in Sources */,
				96EDFC9529E3DABD00FB89FC /* CoreDataExampleUITests.swift in Sources */,
			);
			runOnlyForDeploymentPostprocessing = 0;
		};
/* End PBXSourcesBuildPhase section */

/* Begin PBXTargetDependency section */
		96EDFC8829E3DABD00FB89FC /* PBXTargetDependency */ = {
			isa = PBXTargetDependency;
			target = 96EDFC6F29E3DABC00FB89FC /* CoreDataExample */;
			targetProxy = 96EDFC8729E3DABD00FB89FC /* PBXContainerItemProxy */;
		};
		96EDFC9229E3DABD00FB89FC /* PBXTargetDependency */ = {
			isa = PBXTargetDependency;
			target = 96EDFC6F29E3DABC00FB89FC /* CoreDataExample */;
			targetProxy = 96EDFC9129E3DABD00FB89FC /* PBXContainerItemProxy */;
		};
/* End PBXTargetDependency section */

/* Begin XCBuildConfiguration section */
		96EDFC9829E3DABD00FB89FC /* Debug */ = {
			isa = XCBuildConfiguration;
			buildSettings = {
				ALWAYS_SEARCH_USER_PATHS = NO;
				CLANG_ANALYZER_NONNULL = YES;
				CLANG_ANALYZER_NUMBER_OBJECT_CONVERSION = YES_AGGRESSIVE;
				CLANG_CXX_LANGUAGE_STANDARD = "gnu++20";
				CLANG_ENABLE_MODULES = YES;
				CLANG_ENABLE_OBJC_ARC = YES;
				CLANG_ENABLE_OBJC_WEAK = YES;
				CLANG_WARN_BLOCK_CAPTURE_AUTORELEASING = YES;
				CLANG_WARN_BOOL_CONVERSION = YES;
				CLANG_WARN_COMMA = YES;
				CLANG_WARN_CONSTANT_CONVERSION = YES;
				CLANG_WARN_DEPRECATED_OBJC_IMPLEMENTATIONS = YES;
				CLANG_WARN_DIRECT_OBJC_ISA_USAGE = YES_ERROR;
				CLANG_WARN_DOCUMENTATION_COMMENTS = YES;
				CLANG_WARN_EMPTY_BODY = YES;
				CLANG_WARN_ENUM_CONVERSION = YES;
				CLANG_WARN_INFINITE_RECURSION = YES;
				CLANG_WARN_INT_CONVERSION = YES;
				CLANG_WARN_NON_LITERAL_NULL_CONVERSION = YES;
				CLANG_WARN_OBJC_IMPLICIT_RETAIN_SELF = YES;
				CLANG_WARN_OBJC_LITERAL_CONVERSION = YES;
				CLANG_WARN_OBJC_ROOT_CLASS = YES_ERROR;
				CLANG_WARN_QUOTED_INCLUDE_IN_FRAMEWORK_HEADER = YES;
				CLANG_WARN_RANGE_LOOP_ANALYSIS = YES;
				CLANG_WARN_STRICT_PROTOTYPES = YES;
				CLANG_WARN_SUSPICIOUS_MOVE = YES;
				CLANG_WARN_UNGUARDED_AVAILABILITY = YES_AGGRESSIVE;
				CLANG_WARN_UNREACHABLE_CODE = YES;
				CLANG_WARN__DUPLICATE_METHOD_MATCH = YES;
				COPY_PHASE_STRIP = NO;
				DEBUG_INFORMATION_FORMAT = dwarf;
				ENABLE_STRICT_OBJC_MSGSEND = YES;
				ENABLE_TESTABILITY = YES;
				GCC_C_LANGUAGE_STANDARD = gnu11;
				GCC_DYNAMIC_NO_PIC = NO;
				GCC_NO_COMMON_BLOCKS = YES;
				GCC_OPTIMIZATION_LEVEL = 0;
				GCC_PREPROCESSOR_DEFINITIONS = (
					"DEBUG=1",
					"$(inherited)",
				);
				GCC_WARN_64_TO_32_BIT_CONVERSION = YES;
				GCC_WARN_ABOUT_RETURN_TYPE = YES_ERROR;
				GCC_WARN_UNDECLARED_SELECTOR = YES;
				GCC_WARN_UNINITIALIZED_AUTOS = YES_AGGRESSIVE;
				GCC_WARN_UNUSED_FUNCTION = YES;
				GCC_WARN_UNUSED_VARIABLE = YES;
				IPHONEOS_DEPLOYMENT_TARGET = 16.2;
				MTL_ENABLE_DEBUG_INFO = INCLUDE_SOURCE;
				MTL_FAST_MATH = YES;
				ONLY_ACTIVE_ARCH = YES;
				SDKROOT = iphoneos;
				SWIFT_ACTIVE_COMPILATION_CONDITIONS = DEBUG;
				SWIFT_OPTIMIZATION_LEVEL = "-Onone";
			};
			name = Debug;
		};
		96EDFC9929E3DABD00FB89FC /* Release */ = {
			isa = XCBuildConfiguration;
			buildSettings = {
				ALWAYS_SEARCH_USER_PATHS = NO;
				CLANG_ANALYZER_NONNULL = YES;
				CLANG_ANALYZER_NUMBER_OBJECT_CONVERSION = YES_AGGRESSIVE;
				CLANG_CXX_LANGUAGE_STANDARD = "gnu++20";
				CLANG_ENABLE_MODULES = YES;
				CLANG_ENABLE_OBJC_ARC = YES;
				CLANG_ENABLE_OBJC_WEAK = YES;
				CLANG_WARN_BLOCK_CAPTURE_AUTORELEASING = YES;
				CLANG_WARN_BOOL_CONVERSION = YES;
				CLANG_WARN_COMMA = YES;
				CLANG_WARN_CONSTANT_CONVERSION = YES;
				CLANG_WARN_DEPRECATED_OBJC_IMPLEMENTATIONS = YES;
				CLANG_WARN_DIRECT_OBJC_ISA_USAGE = YES_ERROR;
				CLANG_WARN_DOCUMENTATION_COMMENTS = YES;
				CLANG_WARN_EMPTY_BODY = YES;
				CLANG_WARN_ENUM_CONVERSION = YES;
				CLANG_WARN_INFINITE_RECURSION = YES;
				CLANG_WARN_INT_CONVERSION = YES;
				CLANG_WARN_NON_LITERAL_NULL_CONVERSION = YES;
				CLANG_WARN_OBJC_IMPLICIT_RETAIN_SELF = YES;
				CLANG_WARN_OBJC_LITERAL_CONVERSION = YES;
				CLANG_WARN_OBJC_ROOT_CLASS = YES_ERROR;
				CLANG_WARN_QUOTED_INCLUDE_IN_FRAMEWORK_HEADER = YES;
				CLANG_WARN_RANGE_LOOP_ANALYSIS = YES;
				CLANG_WARN_STRICT_PROTOTYPES = YES;
				CLANG_WARN_SUSPICIOUS_MOVE = YES;
				CLANG_WARN_UNGUARDED_AVAILABILITY = YES_AGGRESSIVE;
				CLANG_WARN_UNREACHABLE_CODE = YES;
				CLANG_WARN__DUPLICATE_METHOD_MATCH = YES;
				COPY_PHASE_STRIP = NO;
				DEBUG_INFORMATION_FORMAT = "dwarf-with-dsym";
				ENABLE_NS_ASSERTIONS = NO;
				ENABLE_STRICT_OBJC_MSGSEND = YES;
				GCC_C_LANGUAGE_STANDARD = gnu11;
				GCC_NO_COMMON_BLOCKS = YES;
				GCC_WARN_64_TO_32_BIT_CONVERSION = YES;
				GCC_WARN_ABOUT_RETURN_TYPE = YES_ERROR;
				GCC_WARN_UNDECLARED_SELECTOR = YES;
				GCC_WARN_UNINITIALIZED_AUTOS = YES_AGGRESSIVE;
				GCC_WARN_UNUSED_FUNCTION = YES;
				GCC_WARN_UNUSED_VARIABLE = YES;
				IPHONEOS_DEPLOYMENT_TARGET = 16.2;
				MTL_ENABLE_DEBUG_INFO = NO;
				MTL_FAST_MATH = YES;
				SDKROOT = iphoneos;
				SWIFT_COMPILATION_MODE = wholemodule;
				SWIFT_OPTIMIZATION_LEVEL = "-O";
				VALIDATE_PRODUCT = YES;
			};
			name = Release;
		};
		96EDFC9B29E3DABD00FB89FC /* Debug */ = {
			isa = XCBuildConfiguration;
			buildSettings = {
				ASSETCATALOG_COMPILER_APPICON_NAME = AppIcon;
				ASSETCATALOG_COMPILER_GLOBAL_ACCENT_COLOR_NAME = AccentColor;
				CODE_SIGN_STYLE = Automatic;
				CURRENT_PROJECT_VERSION = 1;
				DEVELOPMENT_ASSET_PATHS = "\"CoreDataExample/Preview Content\"";
				DEVELOPMENT_TEAM = G85YYYKRLS;
				ENABLE_PREVIEWS = YES;
				GENERATE_INFOPLIST_FILE = YES;
				INFOPLIST_KEY_UIApplicationSceneManifest_Generation = YES;
				INFOPLIST_KEY_UIApplicationSupportsIndirectInputEvents = YES;
				INFOPLIST_KEY_UILaunchScreen_Generation = YES;
				INFOPLIST_KEY_UISupportedInterfaceOrientations_iPad = "UIInterfaceOrientationPortrait UIInterfaceOrientationPortraitUpsideDown UIInterfaceOrientationLandscapeLeft UIInterfaceOrientationLandscapeRight";
				INFOPLIST_KEY_UISupportedInterfaceOrientations_iPhone = "UIInterfaceOrientationPortrait UIInterfaceOrientationLandscapeLeft UIInterfaceOrientationLandscapeRight";
				LD_RUNPATH_SEARCH_PATHS = (
					"$(inherited)",
					"@executable_path/Frameworks",
				);
				MARKETING_VERSION = 1.0;
				PRODUCT_BUNDLE_IDENTIFIER = group9.CoreDataExample;
				PRODUCT_NAME = "$(TARGET_NAME)";
				SWIFT_EMIT_LOC_STRINGS = YES;
				SWIFT_VERSION = 5.0;
				TARGETED_DEVICE_FAMILY = "1,2";
			};
			name = Debug;
		};
		96EDFC9C29E3DABD00FB89FC /* Release */ = {
			isa = XCBuildConfiguration;
			buildSettings = {
				ASSETCATALOG_COMPILER_APPICON_NAME = AppIcon;
				ASSETCATALOG_COMPILER_GLOBAL_ACCENT_COLOR_NAME = AccentColor;
				CODE_SIGN_STYLE = Automatic;
				CURRENT_PROJECT_VERSION = 1;
				DEVELOPMENT_ASSET_PATHS = "\"CoreDataExample/Preview Content\"";
				DEVELOPMENT_TEAM = G85YYYKRLS;
				ENABLE_PREVIEWS = YES;
				GENERATE_INFOPLIST_FILE = YES;
				INFOPLIST_KEY_UIApplicationSceneManifest_Generation = YES;
				INFOPLIST_KEY_UIApplicationSupportsIndirectInputEvents = YES;
				INFOPLIST_KEY_UILaunchScreen_Generation = YES;
				INFOPLIST_KEY_UISupportedInterfaceOrientations_iPad = "UIInterfaceOrientationPortrait UIInterfaceOrientationPortraitUpsideDown UIInterfaceOrientationLandscapeLeft UIInterfaceOrientationLandscapeRight";
				INFOPLIST_KEY_UISupportedInterfaceOrientations_iPhone = "UIInterfaceOrientationPortrait UIInterfaceOrientationLandscapeLeft UIInterfaceOrientationLandscapeRight";
				LD_RUNPATH_SEARCH_PATHS = (
					"$(inherited)",
					"@executable_path/Frameworks",
				);
				MARKETING_VERSION = 1.0;
				PRODUCT_BUNDLE_IDENTIFIER = group9.CoreDataExample;
				PRODUCT_NAME = "$(TARGET_NAME)";
				SWIFT_EMIT_LOC_STRINGS = YES;
				SWIFT_VERSION = 5.0;
				TARGETED_DEVICE_FAMILY = "1,2";
			};
			name = Release;
		};
		96EDFC9E29E3DABD00FB89FC /* Debug */ = {
			isa = XCBuildConfiguration;
			buildSettings = {
				ALWAYS_EMBED_SWIFT_STANDARD_LIBRARIES = YES;
				BUNDLE_LOADER = "$(TEST_HOST)";
				CODE_SIGN_STYLE = Automatic;
				CURRENT_PROJECT_VERSION = 1;
				DEVELOPMENT_TEAM = G85YYYKRLS;
				GENERATE_INFOPLIST_FILE = YES;
				IPHONEOS_DEPLOYMENT_TARGET = 16.2;
				MARKETING_VERSION = 1.0;
				PRODUCT_BUNDLE_IDENTIFIER = group9.CoreDataExampleTests;
				PRODUCT_NAME = "$(TARGET_NAME)";
				SWIFT_EMIT_LOC_STRINGS = NO;
				SWIFT_VERSION = 5.0;
				TARGETED_DEVICE_FAMILY = "1,2";
				TEST_HOST = "$(BUILT_PRODUCTS_DIR)/CoreDataExample.app/$(BUNDLE_EXECUTABLE_FOLDER_PATH)/CoreDataExample";
			};
			name = Debug;
		};
		96EDFC9F29E3DABD00FB89FC /* Release */ = {
			isa = XCBuildConfiguration;
			buildSettings = {
				ALWAYS_EMBED_SWIFT_STANDARD_LIBRARIES = YES;
				BUNDLE_LOADER = "$(TEST_HOST)";
				CODE_SIGN_STYLE = Automatic;
				CURRENT_PROJECT_VERSION = 1;
				DEVELOPMENT_TEAM = G85YYYKRLS;
				GENERATE_INFOPLIST_FILE = YES;
				IPHONEOS_DEPLOYMENT_TARGET = 16.2;
				MARKETING_VERSION = 1.0;
				PRODUCT_BUNDLE_IDENTIFIER = group9.CoreDataExampleTests;
				PRODUCT_NAME = "$(TARGET_NAME)";
				SWIFT_EMIT_LOC_STRINGS = NO;
				SWIFT_VERSION = 5.0;
				TARGETED_DEVICE_FAMILY = "1,2";
				TEST_HOST = "$(BUILT_PRODUCTS_DIR)/CoreDataExample.app/$(BUNDLE_EXECUTABLE_FOLDER_PATH)/CoreDataExample";
			};
			name = Release;
		};
		96EDFCA129E3DABD00FB89FC /* Debug */ = {
			isa = XCBuildConfiguration;
			buildSettings = {
				ALWAYS_EMBED_SWIFT_STANDARD_LIBRARIES = YES;
				CODE_SIGN_STYLE = Automatic;
				CURRENT_PROJECT_VERSION = 1;
				DEVELOPMENT_TEAM = G85YYYKRLS;
				GENERATE_INFOPLIST_FILE = YES;
				MARKETING_VERSION = 1.0;
				PRODUCT_BUNDLE_IDENTIFIER = group9.CoreDataExampleUITests;
				PRODUCT_NAME = "$(TARGET_NAME)";
				SWIFT_EMIT_LOC_STRINGS = NO;
				SWIFT_VERSION = 5.0;
				TARGETED_DEVICE_FAMILY = "1,2";
				TEST_TARGET_NAME = CoreDataExample;
			};
			name = Debug;
		};
		96EDFCA229E3DABD00FB89FC /* Release */ = {
			isa = XCBuildConfiguration;
			buildSettings = {
				ALWAYS_EMBED_SWIFT_STANDARD_LIBRARIES = YES;
				CODE_SIGN_STYLE = Automatic;
				CURRENT_PROJECT_VERSION = 1;
				DEVELOPMENT_TEAM = G85YYYKRLS;
				GENERATE_INFOPLIST_FILE = YES;
				MARKETING_VERSION = 1.0;
				PRODUCT_BUNDLE_IDENTIFIER = group9.CoreDataExampleUITests;
				PRODUCT_NAME = "$(TARGET_NAME)";
				SWIFT_EMIT_LOC_STRINGS = NO;
				SWIFT_VERSION = 5.0;
				TARGETED_DEVICE_FAMILY = "1,2";
				TEST_TARGET_NAME = CoreDataExample;
			};
			name = Release;
		};
/* End XCBuildConfiguration section */

/* Begin XCConfigurationList section */
		96EDFC6B29E3DABC00FB89FC /* Build configuration list for PBXProject "CoreDataExample" */ = {
			isa = XCConfigurationList;
			buildConfigurations = (
				96EDFC9829E3DABD00FB89FC /* Debug */,
				96EDFC9929E3DABD00FB89FC /* Release */,
			);
			defaultConfigurationIsVisible = 0;
			defaultConfigurationName = Release;
		};
		96EDFC9A29E3DABD00FB89FC /* Build configuration list for PBXNativeTarget "CoreDataExample" */ = {
			isa = XCConfigurationList;
			buildConfigurations = (
				96EDFC9B29E3DABD00FB89FC /* Debug */,
				96EDFC9C29E3DABD00FB89FC /* Release */,
			);
			defaultConfigurationIsVisible = 0;
			defaultConfigurationName = Release;
		};
		96EDFC9D29E3DABD00FB89FC /* Build configuration list for PBXNativeTarget "CoreDataExampleTests" */ = {
			isa = XCConfigurationList;
			buildConfigurations = (
				96EDFC9E29E3DABD00FB89FC /* Debug */,
				96EDFC9F29E3DABD00FB89FC /* Release */,
			);
			defaultConfigurationIsVisible = 0;
			defaultConfigurationName = Release;
		};
		96EDFCA029E3DABD00FB89FC /* Build configuration list for PBXNativeTarget "CoreDataExampleUITests" */ = {
			isa = XCConfigurationList;
			buildConfigurations = (
				96EDFCA129E3DABD00FB89FC /* Debug */,
				96EDFCA229E3DABD00FB89FC /* Release */,
			);
			defaultConfigurationIsVisible = 0;
			defaultConfigurationName = Release;
		};
/* End XCConfigurationList section */

/* Begin XCVersionGroup section */
		96EDFC7E29E3DABD00FB89FC /* CoreDataExample.xcdatamodeld */ = {
			isa = XCVersionGroup;
			children = (
				96EDFC7F29E3DABD00FB89FC /* CoreDataExample.xcdatamodel */,
			);
			currentVersion = 96EDFC7F29E3DABD00FB89FC /* CoreDataExample.xcdatamodel */;
			path = CoreDataExample.xcdatamodeld;
			sourceTree = "<group>";
			versionGroupType = wrapper.xcdatamodel;
		};
/* End XCVersionGroup section */
	};
	rootObject = 96EDFC6829E3DABC00FB89FC /* Project object */;
}
